<?xml version="1.0" encoding="utf-8"?>
<Project ToolsVersion="16.0" xmlns="http://schemas.microsoft.com/developer/msbuild/2003">
  <ItemGroup>
    <CustomBuild Include="C:\Users\Michiel\Desktop\Controllers\MambaNetwork\_l4c_generated\CMakeFiles\4a75c2fecb020a190da4f32dd84d5e21\INSTALL_force.rule">
      <Filter>CMake Rules</Filter>
    </CustomBuild>
  </ItemGroup>
  <ItemGroup>
    <Filter Include="CMake Rules">
      <UniqueIdentifier>{FBB1C19E-7A9B-3F3A-9340-2D67222C6C11}</UniqueIdentifier>
    </Filter>
  </ItemGroup>
</Project>
