
Microsoft Visual Studio Solution File, Format Version 12.00
# Visual Studio Version 16
Project("{8BC9CEB8-8B4A-11D0-8D11-00A0C91BC942}") = "ALL_BUILD", "ALL_BUILD.vcxproj", "{BCAA67B3-8D2B-3FF1-9C36-45728661F4F1}"
	ProjectSection(ProjectDependencies) = postProject
		{63FBA0A6-969A-39E0-BBD8-A8E745CF0A97} = {63FBA0A6-969A-39E0-BBD8-A8E745CF0A97}
		{2EC5ED3A-4F64-35A9-B9FE-B55EA11D6A87} = {2EC5ED3A-4F64-35A9-B9FE-B55EA11D6A87}
	EndProjectSection
EndProject
Project("{8BC9CEB8-8B4A-11D0-8D11-00A0C91BC942}") = "INSTALL", "INSTALL.vcxproj", "{B340AE2D-B3DB-304A-936D-1D5D9EB7D4CC}"
	ProjectSection(ProjectDependencies) = postProject
		{BCAA67B3-8D2B-3FF1-9C36-45728661F4F1} = {BCAA67B3-8D2B-3FF1-9C36-45728661F4F1}
		{63FBA0A6-969A-39E0-BBD8-A8E745CF0A97} = {63FBA0A6-969A-39E0-BBD8-A8E745CF0A97}
	EndProjectSection
EndProject
Project("{8BC9CEB8-8B4A-11D0-8D11-00A0C91BC942}") = "ZERO_CHECK", "ZERO_CHECK.vcxproj", "{63FBA0A6-969A-39E0-BBD8-A8E745CF0A97}"
	ProjectSection(ProjectDependencies) = postProject
	EndProjectSection
EndProject
Project("{8BC9CEB8-8B4A-11D0-8D11-00A0C91BC942}") = "y_expr", "y_expr.vcxproj", "{2EC5ED3A-4F64-35A9-B9FE-B55EA11D6A87}"
	ProjectSection(ProjectDependencies) = postProject
		{63FBA0A6-969A-39E0-BBD8-A8E745CF0A97} = {63FBA0A6-969A-39E0-BBD8-A8E745CF0A97}
	EndProjectSection
EndProject
Global
	GlobalSection(SolutionConfigurationPlatforms) = preSolution
		Debug|x64 = Debug|x64
		Release|x64 = Release|x64
		MinSizeRel|x64 = MinSizeRel|x64
		RelWithDebInfo|x64 = RelWithDebInfo|x64
	EndGlobalSection
	GlobalSection(ProjectConfigurationPlatforms) = postSolution
		{BCAA67B3-8D2B-3FF1-9C36-45728661F4F1}.Debug|x64.ActiveCfg = Debug|x64
		{BCAA67B3-8D2B-3FF1-9C36-45728661F4F1}.Debug|x64.Build.0 = Debug|x64
		{BCAA67B3-8D2B-3FF1-9C36-45728661F4F1}.Release|x64.ActiveCfg = Release|x64
		{BCAA67B3-8D2B-3FF1-9C36-45728661F4F1}.Release|x64.Build.0 = Release|x64
		{BCAA67B3-8D2B-3FF1-9C36-45728661F4F1}.MinSizeRel|x64.ActiveCfg = MinSizeRel|x64
		{BCAA67B3-8D2B-3FF1-9C36-45728661F4F1}.MinSizeRel|x64.Build.0 = MinSizeRel|x64
		{BCAA67B3-8D2B-3FF1-9C36-45728661F4F1}.RelWithDebInfo|x64.ActiveCfg = RelWithDebInfo|x64
		{BCAA67B3-8D2B-3FF1-9C36-45728661F4F1}.RelWithDebInfo|x64.Build.0 = RelWithDebInfo|x64
		{B340AE2D-B3DB-304A-936D-1D5D9EB7D4CC}.Debug|x64.ActiveCfg = Debug|x64
		{B340AE2D-B3DB-304A-936D-1D5D9EB7D4CC}.Release|x64.ActiveCfg = Release|x64
		{B340AE2D-B3DB-304A-936D-1D5D9EB7D4CC}.MinSizeRel|x64.ActiveCfg = MinSizeRel|x64
		{B340AE2D-B3DB-304A-936D-1D5D9EB7D4CC}.RelWithDebInfo|x64.ActiveCfg = RelWithDebInfo|x64
		{63FBA0A6-969A-39E0-BBD8-A8E745CF0A97}.Debug|x64.ActiveCfg = Debug|x64
		{63FBA0A6-969A-39E0-BBD8-A8E745CF0A97}.Debug|x64.Build.0 = Debug|x64
		{63FBA0A6-969A-39E0-BBD8-A8E745CF0A97}.Release|x64.ActiveCfg = Release|x64
		{63FBA0A6-969A-39E0-BBD8-A8E745CF0A97}.Release|x64.Build.0 = Release|x64
		{63FBA0A6-969A-39E0-BBD8-A8E745CF0A97}.MinSizeRel|x64.ActiveCfg = MinSizeRel|x64
		{63FBA0A6-969A-39E0-BBD8-A8E745CF0A97}.MinSizeRel|x64.Build.0 = MinSizeRel|x64
		{63FBA0A6-969A-39E0-BBD8-A8E745CF0A97}.RelWithDebInfo|x64.ActiveCfg = RelWithDebInfo|x64
		{63FBA0A6-969A-39E0-BBD8-A8E745CF0A97}.RelWithDebInfo|x64.Build.0 = RelWithDebInfo|x64
		{2EC5ED3A-4F64-35A9-B9FE-B55EA11D6A87}.Debug|x64.ActiveCfg = Debug|x64
		{2EC5ED3A-4F64-35A9-B9FE-B55EA11D6A87}.Debug|x64.Build.0 = Debug|x64
		{2EC5ED3A-4F64-35A9-B9FE-B55EA11D6A87}.Release|x64.ActiveCfg = Release|x64
		{2EC5ED3A-4F64-35A9-B9FE-B55EA11D6A87}.Release|x64.Build.0 = Release|x64
		{2EC5ED3A-4F64-35A9-B9FE-B55EA11D6A87}.MinSizeRel|x64.ActiveCfg = MinSizeRel|x64
		{2EC5ED3A-4F64-35A9-B9FE-B55EA11D6A87}.MinSizeRel|x64.Build.0 = MinSizeRel|x64
		{2EC5ED3A-4F64-35A9-B9FE-B55EA11D6A87}.RelWithDebInfo|x64.ActiveCfg = RelWithDebInfo|x64
		{2EC5ED3A-4F64-35A9-B9FE-B55EA11D6A87}.RelWithDebInfo|x64.Build.0 = RelWithDebInfo|x64
	EndGlobalSection
	GlobalSection(ExtensibilityGlobals) = postSolution
		SolutionGuid = {0EF45B12-AF7B-3FF2-89B9-5D2849A44914}
	EndGlobalSection
	GlobalSection(ExtensibilityAddIns) = postSolution
	EndGlobalSection
EndGlobal
